
Microsoft Visual Studio Solution File, Format Version 12.00
# Visual Studio 15
VisualStudioVersion = 15.0.27428.2015
MinimumVisualStudioVersion = 10.0.40219.1
Project("{FAE04EC0-301F-11D3-BF4B-00C04F79EFBC}") = "gitArch", "gitArch\gitArch.csproj", "{38B08BE9-CCCE-4CDA-AFE0-5C95E183C428}"
EndProject
Global
	GlobalSection(SolutionConfigurationPlatforms) = preSolution
		Debug|Any CPU = Debug|Any CPU
		Release|Any CPU = Release|Any CPU
	EndGlobalSection
	GlobalSection(ProjectConfigurationPlatforms) = postSolution
		{38B08BE9-CCCE-4CDA-AFE0-5C95E183C428}.Debug|Any CPU.ActiveCfg = Debug|Any CPU
		{38B08BE9-CCCE-4CDA-AFE0-5C95E183C428}.Debug|Any CPU.Build.0 = Debug|Any CPU
		{38B08BE9-CCCE-4CDA-AFE0-5C95E183C428}.Release|Any CPU.ActiveCfg = Release|Any CPU
		{38B08BE9-CCCE-4CDA-AFE0-5C95E183C428}.Release|Any CPU.Build.0 = Release|Any CPU
	EndGlobalSection
	GlobalSection(SolutionProperties) = preSolution
		HideSolutionNode = FALSE
	EndGlobalSection
	GlobalSection(ExtensibilityGlobals) = postSolution
		SolutionGuid = {E6F0B920-9EEF-48CF-BEBA-CD8EFB482B3A}
	EndGlobalSection
EndGlobal
